
Microsoft Visual Studio Solution File, Format Version 12.00
# Visual Studio Version 17
VisualStudioVersion = 17.14.36301.6
MinimumVisualStudioVersion = 10.0.40219.1
Project("{FAE04EC0-301F-11D3-BF4B-00C04F79EFBC}") = "Presentacion", "Presentacion.csproj", "{4102BABF-11E7-4832-AEA6-44212E5EF2ED}"
EndProject
Project("{FAE04EC0-301F-11D3-BF4B-00C04F79EFBC}") = "Datos", "Datos\Datos.csproj", "{BF042ABB-7022-4795-BC26-11DE2F9BB385}"
EndProject
Project("{FAE04EC0-301F-11D3-BF4B-00C04F79EFBC}") = "Logica", "Logica\Logica.csproj", "{CCB7621D-BE15-4F9D-8822-41539B7C4D0F}"
EndProject
Project("{FAE04EC0-301F-11D3-BF4B-00C04F79EFBC}") = "Seguridad", "Seguridad\Seguridad.csproj", "{49269846-3EE4-4B4D-B528-24541F37A3B2}"
EndProject
Project("{FAE04EC0-301F-11D3-BF4B-00C04F79EFBC}") = "Presentacion2", "Presentacion2\Presentacion2.csproj", "{51337B8E-FED3-4C86-9E59-05889B1BBE6A}"
EndProject
Global
	GlobalSection(SolutionConfigurationPlatforms) = preSolution
		Debug|Any CPU = Debug|Any CPU
		Release|Any CPU = Release|Any CPU
	EndGlobalSection
	GlobalSection(ProjectConfigurationPlatforms) = postSolution
		{4102BABF-11E7-4832-AEA6-44212E5EF2ED}.Debug|Any CPU.ActiveCfg = Debug|Any CPU
		{4102BABF-11E7-4832-AEA6-44212E5EF2ED}.Debug|Any CPU.Build.0 = Debug|Any CPU
		{4102BABF-11E7-4832-AEA6-44212E5EF2ED}.Release|Any CPU.ActiveCfg = Release|Any CPU
		{4102BABF-11E7-4832-AEA6-44212E5EF2ED}.Release|Any CPU.Build.0 = Release|Any CPU
		{BF042ABB-7022-4795-BC26-11DE2F9BB385}.Debug|Any CPU.ActiveCfg = Debug|Any CPU
		{BF042ABB-7022-4795-BC26-11DE2F9BB385}.Debug|Any CPU.Build.0 = Debug|Any CPU
		{BF042ABB-7022-4795-BC26-11DE2F9BB385}.Release|Any CPU.ActiveCfg = Release|Any CPU
		{BF042ABB-7022-4795-BC26-11DE2F9BB385}.Release|Any CPU.Build.0 = Release|Any CPU
		{CCB7621D-BE15-4F9D-8822-41539B7C4D0F}.Debug|Any CPU.ActiveCfg = Debug|Any CPU
		{CCB7621D-BE15-4F9D-8822-41539B7C4D0F}.Debug|Any CPU.Build.0 = Debug|Any CPU
		{CCB7621D-BE15-4F9D-8822-41539B7C4D0F}.Release|Any CPU.ActiveCfg = Release|Any CPU
		{CCB7621D-BE15-4F9D-8822-41539B7C4D0F}.Release|Any CPU.Build.0 = Release|Any CPU
		{49269846-3EE4-4B4D-B528-24541F37A3B2}.Debug|Any CPU.ActiveCfg = Debug|Any CPU
		{49269846-3EE4-4B4D-B528-24541F37A3B2}.Debug|Any CPU.Build.0 = Debug|Any CPU
		{49269846-3EE4-4B4D-B528-24541F37A3B2}.Release|Any CPU.ActiveCfg = Release|Any CPU
		{49269846-3EE4-4B4D-B528-24541F37A3B2}.Release|Any CPU.Build.0 = Release|Any CPU
		{51337B8E-FED3-4C86-9E59-05889B1BBE6A}.Debug|Any CPU.ActiveCfg = Debug|Any CPU
		{51337B8E-FED3-4C86-9E59-05889B1BBE6A}.Debug|Any CPU.Build.0 = Debug|Any CPU
		{51337B8E-FED3-4C86-9E59-05889B1BBE6A}.Release|Any CPU.ActiveCfg = Release|Any CPU
		{51337B8E-FED3-4C86-9E59-05889B1BBE6A}.Release|Any CPU.Build.0 = Release|Any CPU
	EndGlobalSection
	GlobalSection(SolutionProperties) = preSolution
		HideSolutionNode = FALSE
	EndGlobalSection
	GlobalSection(ExtensibilityGlobals) = postSolution
		SolutionGuid = {E3A05041-7F06-4914-95B6-FC1BB7706308}
	EndGlobalSection
EndGlobal
